
Microsoft Visual Studio Solution File, Format Version 12.00
# Visual Studio Version 17
VisualStudioVersion = 17.8.34511.84
MinimumVisualStudioVersion = 10.0.40219.1
Project("{FAE04EC0-301F-11D3-BF4B-00C04F79EFBC}") = "DemoCQRSMedi.Domain", "DemoCQRSMedi.Domain\DemoCQRSMedi.Domain.csproj", "{A9C3FCDB-8AF2-46F7-A8CF-9808F6D13D39}"
EndProject
Project("{2150E333-8FDC-42A3-9474-1A3956D46DE8}") = "Api", "Api", "{CB45ADCA-7D8A-46ED-BEB2-5DAC78F75903}"
EndProject
Project("{2150E333-8FDC-42A3-9474-1A3956D46DE8}") = "Core", "Core", "{C7A6575B-AD61-446F-A109-2999749A7C0D}"
EndProject
Project("{2150E333-8FDC-42A3-9474-1A3956D46DE8}") = "test", "test", "{F117BED9-ADD0-493E-ADD2-0F3AE7778A27}"
EndProject
Project("{2150E333-8FDC-42A3-9474-1A3956D46DE8}") = "src", "src", "{124F8FB4-E6C4-416A-9830-BB841F948EFF}"
EndProject
Project("{2150E333-8FDC-42A3-9474-1A3956D46DE8}") = "UI", "UI", "{63ACD1E4-D28C-4976-82E9-D56F86F5E110}"
EndProject
Project("{2150E333-8FDC-42A3-9474-1A3956D46DE8}") = "Infrastruture", "Infrastruture", "{928D0702-1982-4ACB-AB7C-B09F58D85243}"
EndProject
Project("{FAE04EC0-301F-11D3-BF4B-00C04F79EFBC}") = "DemoCQRSMedi.Application", "DemoCQRSMedi.Application\DemoCQRSMedi.Application.csproj", "{3F3F1C45-6213-4B2B-A7C1-F5405771F7C4}"
EndProject
Project("{FAE04EC0-301F-11D3-BF4B-00C04F79EFBC}") = "DemoCQRSMedi.Persistence", "DemoCQRSMedi.Persistence\DemoCQRSMedi.Persistence.csproj", "{3DCC7334-058F-42DD-B347-4036CB94BA92}"
EndProject
Project("{FAE04EC0-301F-11D3-BF4B-00C04F79EFBC}") = "DemoCQRSMedi.Api", "DemoCQRSMedi.Api\DemoCQRSMedi.Api.csproj", "{5E438DC8-803F-4E9C-AB62-BB647851472E}"
EndProject
Global
	GlobalSection(SolutionConfigurationPlatforms) = preSolution
		Debug|Any CPU = Debug|Any CPU
		Release|Any CPU = Release|Any CPU
	EndGlobalSection
	GlobalSection(ProjectConfigurationPlatforms) = postSolution
		{A9C3FCDB-8AF2-46F7-A8CF-9808F6D13D39}.Debug|Any CPU.ActiveCfg = Debug|Any CPU
		{A9C3FCDB-8AF2-46F7-A8CF-9808F6D13D39}.Debug|Any CPU.Build.0 = Debug|Any CPU
		{A9C3FCDB-8AF2-46F7-A8CF-9808F6D13D39}.Release|Any CPU.ActiveCfg = Release|Any CPU
		{A9C3FCDB-8AF2-46F7-A8CF-9808F6D13D39}.Release|Any CPU.Build.0 = Release|Any CPU
		{3F3F1C45-6213-4B2B-A7C1-F5405771F7C4}.Debug|Any CPU.ActiveCfg = Debug|Any CPU
		{3F3F1C45-6213-4B2B-A7C1-F5405771F7C4}.Debug|Any CPU.Build.0 = Debug|Any CPU
		{3F3F1C45-6213-4B2B-A7C1-F5405771F7C4}.Release|Any CPU.ActiveCfg = Release|Any CPU
		{3F3F1C45-6213-4B2B-A7C1-F5405771F7C4}.Release|Any CPU.Build.0 = Release|Any CPU
		{3DCC7334-058F-42DD-B347-4036CB94BA92}.Debug|Any CPU.ActiveCfg = Debug|Any CPU
		{3DCC7334-058F-42DD-B347-4036CB94BA92}.Debug|Any CPU.Build.0 = Debug|Any CPU
		{3DCC7334-058F-42DD-B347-4036CB94BA92}.Release|Any CPU.ActiveCfg = Release|Any CPU
		{3DCC7334-058F-42DD-B347-4036CB94BA92}.Release|Any CPU.Build.0 = Release|Any CPU
		{5E438DC8-803F-4E9C-AB62-BB647851472E}.Debug|Any CPU.ActiveCfg = Debug|Any CPU
		{5E438DC8-803F-4E9C-AB62-BB647851472E}.Debug|Any CPU.Build.0 = Debug|Any CPU
		{5E438DC8-803F-4E9C-AB62-BB647851472E}.Release|Any CPU.ActiveCfg = Release|Any CPU
		{5E438DC8-803F-4E9C-AB62-BB647851472E}.Release|Any CPU.Build.0 = Release|Any CPU
	EndGlobalSection
	GlobalSection(SolutionProperties) = preSolution
		HideSolutionNode = FALSE
	EndGlobalSection
	GlobalSection(NestedProjects) = preSolution
		{A9C3FCDB-8AF2-46F7-A8CF-9808F6D13D39} = {C7A6575B-AD61-446F-A109-2999749A7C0D}
		{CB45ADCA-7D8A-46ED-BEB2-5DAC78F75903} = {124F8FB4-E6C4-416A-9830-BB841F948EFF}
		{C7A6575B-AD61-446F-A109-2999749A7C0D} = {124F8FB4-E6C4-416A-9830-BB841F948EFF}
		{63ACD1E4-D28C-4976-82E9-D56F86F5E110} = {124F8FB4-E6C4-416A-9830-BB841F948EFF}
		{928D0702-1982-4ACB-AB7C-B09F58D85243} = {124F8FB4-E6C4-416A-9830-BB841F948EFF}
		{3F3F1C45-6213-4B2B-A7C1-F5405771F7C4} = {C7A6575B-AD61-446F-A109-2999749A7C0D}
		{3DCC7334-058F-42DD-B347-4036CB94BA92} = {928D0702-1982-4ACB-AB7C-B09F58D85243}
		{5E438DC8-803F-4E9C-AB62-BB647851472E} = {CB45ADCA-7D8A-46ED-BEB2-5DAC78F75903}
	EndGlobalSection
	GlobalSection(ExtensibilityGlobals) = postSolution
		SolutionGuid = {71760CA3-5257-4CA9-8176-E9E56B128EFA}
	EndGlobalSection
EndGlobal
